
Microsoft Visual Studio Solution File, Format Version 12.00
# Visual Studio 15
VisualStudioVersion = 15.0.26730.16
MinimumVisualStudioVersion = 10.0.40219.1
Project("{8BC9CEB8-8B4A-11D0-8D11-00A0C91BC942}") = "진짜 놀기", "진짜 놀기\진짜 놀기.vcxproj", "{59B09AC8-1C0D-4BAC-BA40-93FF569E9D2E}"
EndProject
Global
	GlobalSection(SolutionConfigurationPlatforms) = preSolution
		Debug|x64 = Debug|x64
		Debug|x86 = Debug|x86
		Release|x64 = Release|x64
		Release|x86 = Release|x86
	EndGlobalSection
	GlobalSection(ProjectConfigurationPlatforms) = postSolution
		{59B09AC8-1C0D-4BAC-BA40-93FF569E9D2E}.Debug|x64.ActiveCfg = Debug|x64
		{59B09AC8-1C0D-4BAC-BA40-93FF569E9D2E}.Debug|x64.Build.0 = Debug|x64
		{59B09AC8-1C0D-4BAC-BA40-93FF569E9D2E}.Debug|x86.ActiveCfg = Debug|Win32
		{59B09AC8-1C0D-4BAC-BA40-93FF569E9D2E}.Debug|x86.Build.0 = Debug|Win32
		{59B09AC8-1C0D-4BAC-BA40-93FF569E9D2E}.Release|x64.ActiveCfg = Release|x64
		{59B09AC8-1C0D-4BAC-BA40-93FF569E9D2E}.Release|x64.Build.0 = Release|x64
		{59B09AC8-1C0D-4BAC-BA40-93FF569E9D2E}.Release|x86.ActiveCfg = Release|Win32
		{59B09AC8-1C0D-4BAC-BA40-93FF569E9D2E}.Release|x86.Build.0 = Release|Win32
	EndGlobalSection
	GlobalSection(SolutionProperties) = preSolution
		HideSolutionNode = FALSE
	EndGlobalSection
	GlobalSection(ExtensibilityGlobals) = postSolution
		SolutionGuid = {687C06D1-FAC8-4476-A65C-AE73F9571E87}
	EndGlobalSection
EndGlobal
